// !$*UTF8*$!
{
	archiveVersion = 1;
	classes = {
	};
	objectVersion = 46;
	objects = {

/* Begin PBXBuildFile section */
		843705EE1EE91E180028EC61 /* AppDelegate.swift in Sources */ = {isa = PBXBuildFile; fileRef = 843705ED1EE91E180028EC61 /* AppDelegate.swift */; };
		843705F01EE91E180028EC61 /* ViewController.swift in Sources */ = {isa = PBXBuildFile; fileRef = 843705EF1EE91E180028EC61 /* ViewController.swift */; };
		843705F31EE91E190028EC61 /* Main.storyboard in Resources */ = {isa = PBXBuildFile; fileRef = 843705F11EE91E190028EC61 /* Main.storyboard */; };
		843705F51EE91E190028EC61 /* Assets.xcassets in Resources */ = {isa = PBXBuildFile; fileRef = 843705F41EE91E190028EC61 /* Assets.xcassets */; };
		843705F81EE91E190028EC61 /* LaunchScreen.storyboard in Resources */ = {isa = PBXBuildFile; fileRef = 843705F61EE91E190028EC61 /* LaunchScreen.storyboard */; };
		843706031EE91E190028EC61 /* instagramTests.swift in Sources */ = {isa = PBXBuildFile; fileRef = 843706021EE91E190028EC61 /* instagramTests.swift */; };
		8437060E1EE91E190028EC61 /* instagramUITests.swift in Sources */ = {isa = PBXBuildFile; fileRef = 8437060D1EE91E190028EC61 /* instagramUITests.swift */; };
/* End PBXBuildFile section */

/* Begin PBXContainerItemProxy section */
		843705FF1EE91E190028EC61 /* PBXContainerItemProxy */ = {
			isa = PBXContainerItemProxy;
			containerPortal = 843705E21EE91E180028EC61 /* Project object */;
			proxyType = 1;
			remoteGlobalIDString = 843705E91EE91E180028EC61;
			remoteInfo = instagram;
		};
		8437060A1EE91E190028EC61 /* PBXContainerItemProxy */ = {
			isa = PBXContainerItemProxy;
			containerPortal = 843705E21EE91E180028EC61 /* Project object */;
			proxyType = 1;
			remoteGlobalIDString = 843705E91EE91E180028EC61;
			remoteInfo = instagram;
		};
/* End PBXContainerItemProxy section */

/* Begin PBXFileReference section */
		843705EA1EE91E180028EC61 /* instagram.app */ = {isa = PBXFileReference; explicitFileType = wrapper.application; includeInIndex = 0; path = instagram.app; sourceTree = BUILT_PRODUCTS_DIR; };
		843705ED1EE91E180028EC61 /* AppDelegate.swift */ = {isa = PBXFileReference; lastKnownFileType = sourcecode.swift; path = AppDelegate.swift; sourceTree = "<group>"; };
		843705EF1EE91E180028EC61 /* ViewController.swift */ = {isa = PBXFileReference; lastKnownFileType = sourcecode.swift; path = ViewController.swift; sourceTree = "<group>"; };
		843705F21EE91E190028EC61 /* Base */ = {isa = PBXFileReference; lastKnownFileType = file.storyboard; name = Base; path = Base.lproj/Main.storyboard; sourceTree = "<group>"; };
		843705F41EE91E190028EC61 /* Assets.xcassets */ = {isa = PBXFileReference; lastKnownFileType = folder.assetcatalog; path = Assets.xcassets; sourceTree = "<group>"; };
		843705F71EE91E190028EC61 /* Base */ = {isa = PBXFileReference; lastKnownFileType = file.storyboard; name = Base; path = Base.lproj/LaunchScreen.storyboard; sourceTree = "<group>"; };
		843705F91EE91E190028EC61 /* Info.plist */ = {isa = PBXFileReference; lastKnownFileType = text.plist.xml; path = Info.plist; sourceTree = "<group>"; };
		843705FE1EE91E190028EC61 /* instagramTests.xctest */ = {isa = PBXFileReference; explicitFileType = wrapper.cfbundle; includeInIndex = 0; path = instagramTests.xctest; sourceTree = BUILT_PRODUCTS_DIR; };
		843706021EE91E190028EC61 /* instagramTests.swift */ = {isa = PBXFileReference; lastKnownFileType = sourcecode.swift; path = instagramTests.swift; sourceTree = "<group>"; };
		843706041EE91E190028EC61 /* Info.plist */ = {isa = PBXFileReference; lastKnownFileType = text.plist.xml; path = Info.plist; sourceTree = "<group>"; };
		843706091EE91E190028EC61 /* instagramUITests.xctest */ = {isa = PBXFileReference; explicitFileType = wrapper.cfbundle; includeInIndex = 0; path = instagramUITests.xctest; sourceTree = BUILT_PRODUCTS_DIR; };
		8437060D1EE91E190028EC61 /* instagramUITests.swift */ = {isa = PBXFileReference; lastKnownFileType = sourcecode.swift; path = instagramUITests.swift; sourceTree = "<group>"; };
		8437060F1EE91E190028EC61 /* Info.plist */ = {isa = PBXFileReference; lastKnownFileType = text.plist.xml; path = Info.plist; sourceTree = "<group>"; };
/* End PBXFileReference section */

/* Begin PBXFrameworksBuildPhase section */
		843705E71EE91E180028EC61 /* Frameworks */ = {
			isa = PBXFrameworksBuildPhase;
			buildActionMask = 2147483647;
			files = (
			);
			runOnlyForDeploymentPostprocessing = 0;
		};
		843705FB1EE91E190028EC61 /* Frameworks */ = {
			isa = PBXFrameworksBuildPhase;
			buildActionMask = 2147483647;
			files = (
			);
			runOnlyForDeploymentPostprocessing = 0;
		};
		843706061EE91E190028EC61 /* Frameworks */ = {
			isa = PBXFrameworksBuildPhase;
			buildActionMask = 2147483647;
			files = (
			);
			runOnlyForDeploymentPostprocessing = 0;
		};
/* End PBXFrameworksBuildPhase section */

/* Begin PBXGroup section */
		843705E11EE91E180028EC61 = {
			isa = PBXGroup;
			children = (
				843705EC1EE91E180028EC61 /* instagram */,
				843706011EE91E190028EC61 /* instagramTests */,
				8437060C1EE91E190028EC61 /* instagramUITests */,
				843705EB1EE91E180028EC61 /* Products */,
			);
			sourceTree = "<group>";
		};
		843705EB1EE91E180028EC61 /* Products */ = {
			isa = PBXGroup;
			children = (
				843705EA1EE91E180028EC61 /* instagram.app */,
				843705FE1EE91E190028EC61 /* instagramTests.xctest */,
				843706091EE91E190028EC61 /* instagramUITests.xctest */,
			);
			name = Products;
			sourceTree = "<group>";
		};
		843705EC1EE91E180028EC61 /* instagram */ = {
			isa = PBXGroup;
			children = (
				843705ED1EE91E180028EC61 /* AppDelegate.swift */,
				843705EF1EE91E180028EC61 /* ViewController.swift */,
				843705F11EE91E190028EC61 /* Main.storyboard */,
				843705F41EE91E190028EC61 /* Assets.xcassets */,
				843705F61EE91E190028EC61 /* LaunchScreen.storyboard */,
				843705F91EE91E190028EC61 /* Info.plist */,
			);
			path = instagram;
			sourceTree = "<group>";
		};
		843706011EE91E190028EC61 /* instagramTests */ = {
			isa = PBXGroup;
			children = (
				843706021EE91E190028EC61 /* instagramTests.swift */,
				843706041EE91E190028EC61 /* Info.plist */,
			);
			path = instagramTests;
			sourceTree = "<group>";
		};
		8437060C1EE91E190028EC61 /* instagramUITests */ = {
			isa = PBXGroup;
			children = (
				8437060D1EE91E190028EC61 /* instagramUITests.swift */,
				8437060F1EE91E190028EC61 /* Info.plist */,
			);
			path = instagramUITests;
			sourceTree = "<group>";
		};
/* End PBXGroup section */

/* Begin PBXNativeTarget section */
		843705E91EE91E180028EC61 /* instagram */ = {
			isa = PBXNativeTarget;
			buildConfigurationList = 843706121EE91E190028EC61 /* Build configuration list for PBXNativeTarget "instagram" */;
			buildPhases = (
				843705E61EE91E180028EC61 /* Sources */,
				843705E71EE91E180028EC61 /* Frameworks */,
				843705E81EE91E180028EC61 /* Resources */,
			);
			buildRules = (
			);
			dependencies = (
			);
			name = instagram;
			productName = instagram;
			productReference = 843705EA1EE91E180028EC61 /* instagram.app */;
			productType = "com.apple.product-type.application";
		};
		843705FD1EE91E190028EC61 /* instagramTests */ = {
			isa = PBXNativeTarget;
			buildConfigurationList = 843706151EE91E190028EC61 /* Build configuration list for PBXNativeTarget "instagramTests" */;
			buildPhases = (
				843705FA1EE91E190028EC61 /* Sources */,
				843705FB1EE91E190028EC61 /* Frameworks */,
				843705FC1EE91E190028EC61 /* Resources */,
			);
			buildRules = (
			);
			dependencies = (
				843706001EE91E190028EC61 /* PBXTargetDependency */,
			);
			name = instagramTests;
			productName = instagramTests;
			productReference = 843705FE1EE91E190028EC61 /* instagramTests.xctest */;
			productType = "com.apple.product-type.bundle.unit-test";
		};
		843706081EE91E190028EC61 /* instagramUITests */ = {
			isa = PBXNativeTarget;
			buildConfigurationList = 843706181EE91E190028EC61 /* Build configuration list for PBXNativeTarget "instagramUITests" */;
			buildPhases = (
				843706051EE91E190028EC61 /* Sources */,
				843706061EE91E190028EC61 /* Frameworks */,
				843706071EE91E190028EC61 /* Resources */,
			);
			buildRules = (
			);
			dependencies = (
				8437060B1EE91E190028EC61 /* PBXTargetDependency */,
			);
			name = instagramUITests;
			productName = instagramUITests;
			productReference = 843706091EE91E190028EC61 /* instagramUITests.xctest */;
			productType = "com.apple.product-type.bundle.ui-testing";
		};
/* End PBXNativeTarget section */

/* Begin PBXProject section */
		843705E21EE91E180028EC61 /* Project object */ = {
			isa = PBXProject;
			attributes = {
				LastSwiftUpdateCheck = 0830;
				LastUpgradeCheck = 0830;
				ORGANIZATIONNAME = vp;
				TargetAttributes = {
					843705E91EE91E180028EC61 = {
						CreatedOnToolsVersion = 8.3.2;
						ProvisioningStyle = Automatic;
					};
					843705FD1EE91E190028EC61 = {
						CreatedOnToolsVersion = 8.3.2;
						ProvisioningStyle = Automatic;
						TestTargetID = 843705E91EE91E180028EC61;
					};
					843706081EE91E190028EC61 = {
						CreatedOnToolsVersion = 8.3.2;
						ProvisioningStyle = Automatic;
						TestTargetID = 843705E91EE91E180028EC61;
					};
				};
			};
			buildConfigurationList = 843705E51EE91E180028EC61 /* Build configuration list for PBXProject "instagram" */;
			compatibilityVersion = "Xcode 3.2";
			developmentRegion = English;
			hasScannedForEncodings = 0;
			knownRegions = (
				en,
				Base,
			);
			mainGroup = 843705E11EE91E180028EC61;
			productRefGroup = 843705EB1EE91E180028EC61 /* Products */;
			projectDirPath = "";
			projectRoot = "";
			targets = (
				843705E91EE91E180028EC61 /* instagram */,
				843705FD1EE91E190028EC61 /* instagramTests */,
				843706081EE91E190028EC61 /* instagramUITests */,
			);
		};
/* End PBXProject section */

/* Begin PBXResourcesBuildPhase section */
		843705E81EE91E180028EC61 /* Resources */ = {
			isa = PBXResourcesBuildPhase;
			buildActionMask = 2147483647;
			files = (
				843705F81EE91E190028EC61 /* LaunchScreen.storyboard in Resources */,
				843705F51EE91E190028EC61 /* Assets.xcassets in Resources */,
				843705F31EE91E190028EC61 /* Main.storyboard in Resources */,
			);
			runOnlyForDeploymentPostprocessing = 0;
		};
		843705FC1EE91E190028EC61 /* Resources */ = {
			isa = PBXResourcesBuildPhase;
			buildActionMask = 2147483647;
			files = (
			);
			runOnlyForDeploymentPostprocessing = 0;
		};
		843706071EE91E190028EC61 /* Resources */ = {
			isa = PBXResourcesBuildPhase;
			buildActionMask = 2147483647;
			files = (
			);
			runOnlyForDeploymentPostprocessing = 0;
		};
/* End PBXResourcesBuildPhase section */

/* Begin PBXSourcesBuildPhase section */
		843705E61EE91E180028EC61 /* Sources */ = {
			isa = PBXSourcesBuildPhase;
			buildActionMask = 2147483647;
			files = (
				843705F01EE91E180028EC61 /* ViewController.swift in Sources */,
				843705EE1EE91E180028EC61 /* AppDelegate.swift in Sources */,
			);
			runOnlyForDeploymentPostprocessing = 0;
		};
		843705FA1EE91E190028EC61 /* Sources */ = {
			isa = PBXSourcesBuildPhase;
			buildActionMask = 2147483647;
			files = (
				843706031EE91E190028EC61 /* instagramTests.swift in Sources */,
			);
			runOnlyForDeploymentPostprocessing = 0;
		};
		843706051EE91E190028EC61 /* Sources */ = {
			isa = PBXSourcesBuildPhase;
			buildActionMask = 2147483647;
			files = (
				8437060E1EE91E190028EC61 /* instagramUITests.swift in Sources */,
			);
			runOnlyForDeploymentPostprocessing = 0;
		};
/* End PBXSourcesBuildPhase section */

/* Begin PBXTargetDependency section */
		843706001EE91E190028EC61 /* PBXTargetDependency */ = {
			isa = PBXTargetDependency;
			target = 843705E91EE91E180028EC61 /* instagram */;
			targetProxy = 843705FF1EE91E190028EC61 /* PBXContainerItemProxy */;
		};
		8437060B1EE91E190028EC61 /* PBXTargetDependency */ = {
			isa = PBXTargetDependency;
			target = 843705E91EE91E180028EC61 /* instagram */;
			targetProxy = 8437060A1EE91E190028EC61 /* PBXContainerItemProxy */;
		};
/* End PBXTargetDependency section */

/* Begin PBXVariantGroup section */
		843705F11EE91E190028EC61 /* Main.storyboard */ = {
			isa = PBXVariantGroup;
			children = (
				843705F21EE91E190028EC61 /* Base */,
			);
			name = Main.storyboard;
			sourceTree = "<group>";
		};
		843705F61EE91E190028EC61 /* LaunchScreen.storyboard */ = {
			isa = PBXVariantGroup;
			children = (
				843705F71EE91E190028EC61 /* Base */,
			);
			name = LaunchScreen.storyboard;
			sourceTree = "<group>";
		};
/* End PBXVariantGroup section */

/* Begin XCBuildConfiguration section */
		843706101EE91E190028EC61 /* Debug */ = {
			isa = XCBuildConfiguration;
			buildSettings = {
				ALWAYS_SEARCH_USER_PATHS = NO;
				CLANG_ANALYZER_NONNULL = YES;
				CLANG_ANALYZER_NUMBER_OBJECT_CONVERSION = YES_AGGRESSIVE;
				CLANG_CXX_LANGUAGE_STANDARD = "gnu++0x";
				CLANG_CXX_LIBRARY = "libc++";
				CLANG_ENABLE_MODULES = YES;
				CLANG_ENABLE_OBJC_ARC = YES;
				CLANG_WARN_BOOL_CONVERSION = YES;
				CLANG_WARN_CONSTANT_CONVERSION = YES;
				CLANG_WARN_DIRECT_OBJC_ISA_USAGE = YES_ERROR;
				CLANG_WARN_DOCUMENTATION_COMMENTS = YES;
				CLANG_WARN_EMPTY_BODY = YES;
				CLANG_WARN_ENUM_CONVERSION = YES;
				CLANG_WARN_INFINITE_RECURSION = YES;
				CLANG_WARN_INT_CONVERSION = YES;
				CLANG_WARN_OBJC_ROOT_CLASS = YES_ERROR;
				CLANG_WARN_SUSPICIOUS_MOVE = YES;
				CLANG_WARN_UNREACHABLE_CODE = YES;
				CLANG_WARN__DUPLICATE_METHOD_MATCH = YES;
				"CODE_SIGN_IDENTITY[sdk=iphoneos*]" = "iPhone Developer";
				COPY_PHASE_STRIP = NO;
				DEBUG_INFORMATION_FORMAT = dwarf;
				ENABLE_STRICT_OBJC_MSGSEND = YES;
				ENABLE_TESTABILITY = YES;
				GCC_C_LANGUAGE_STANDARD = gnu99;
				GCC_DYNAMIC_NO_PIC = NO;
				GCC_NO_COMMON_BLOCKS = YES;
				GCC_OPTIMIZATION_LEVEL = 0;
				GCC_PREPROCESSOR_DEFINITIONS = (
					"DEBUG=1",
					"$(inherited)",
				);
				GCC_WARN_64_TO_32_BIT_CONVERSION = YES;
				GCC_WARN_ABOUT_RETURN_TYPE = YES_ERROR;
				GCC_WARN_UNDECLARED_SELECTOR = YES;
				GCC_WARN_UNINITIALIZED_AUTOS = YES_AGGRESSIVE;
				GCC_WARN_UNUSED_FUNCTION = YES;
				GCC_WARN_UNUSED_VARIABLE = YES;
				IPHONEOS_DEPLOYMENT_TARGET = 10.3;
				MTL_ENABLE_DEBUG_INFO = YES;
				ONLY_ACTIVE_ARCH = YES;
				SDKROOT = iphoneos;
				SWIFT_ACTIVE_COMPILATION_CONDITIONS = DEBUG;
				SWIFT_OPTIMIZATION_LEVEL = "-Onone";
				TARGETED_DEVICE_FAMILY = "1,2";
			};
			name = Debug;
		};
		843706111EE91E190028EC61 /* Release */ = {
			isa = XCBuildConfiguration;
			buildSettings = {
				ALWAYS_SEARCH_USER_PATHS = NO;
				CLANG_ANALYZER_NONNULL = YES;
				CLANG_ANALYZER_NUMBER_OBJECT_CONVERSION = YES_AGGRESSIVE;
				CLANG_CXX_LANGUAGE_STANDARD = "gnu++0x";
				CLANG_CXX_LIBRARY = "libc++";
				CLANG_ENABLE_MODULES = YES;
				CLANG_ENABLE_OBJC_ARC = YES;
				CLANG_WARN_BOOL_CONVERSION = YES;
				CLANG_WARN_CONSTANT_CONVERSION = YES;
				CLANG_WARN_DIRECT_OBJC_ISA_USAGE = YES_ERROR;
				CLANG_WARN_DOCUMENTATION_COMMENTS = YES;
				CLANG_WARN_EMPTY_BODY = YES;
				CLANG_WARN_ENUM_CONVERSION = YES;
				CLANG_WARN_INFINITE_RECURSION = YES;
				CLANG_WARN_INT_CONVERSION = YES;
				CLANG_WARN_OBJC_ROOT_CLASS = YES_ERROR;
				CLANG_WARN_SUSPICIOUS_MOVE = YES;
				CLANG_WARN_UNREACHABLE_CODE = YES;
				CLANG_WARN__DUPLICATE_METHOD_MATCH = YES;
				"CODE_SIGN_IDENTITY[sdk=iphoneos*]" = "iPhone Developer";
				COPY_PHASE_STRIP = NO;
				DEBUG_INFORMATION_FORMAT = "dwarf-with-dsym";
				ENABLE_NS_ASSERTIONS = NO;
				ENABLE_STRICT_OBJC_MSGSEND = YES;
				GCC_C_LANGUAGE_STANDARD = gnu99;
				GCC_NO_COMMON_BLOCKS = YES;
				GCC_WARN_64_TO_32_BIT_CONVERSION = YES;
				GCC_WARN_ABOUT_RETURN_TYPE = YES_ERROR;
				GCC_WARN_UNDECLARED_SELECTOR = YES;
				GCC_WARN_UNINITIALIZED_AUTOS = YES_AGGRESSIVE;
				GCC_WARN_UNUSED_FUNCTION = YES;
				GCC_WARN_UNUSED_VARIABLE = YES;
				IPHONEOS_DEPLOYMENT_TARGET = 10.3;
				MTL_ENABLE_DEBUG_INFO = NO;
				SDKROOT = iphoneos;
				SWIFT_OPTIMIZATION_LEVEL = "-Owholemodule";
				TARGETED_DEVICE_FAMILY = "1,2";
				VALIDATE_PRODUCT = YES;
			};
			name = Release;
		};
		843706131EE91E190028EC61 /* Debug */ = {
			isa = XCBuildConfiguration;
			buildSettings = {
				ASSETCATALOG_COMPILER_APPICON_NAME = AppIcon;
				INFOPLIST_FILE = instagram/Info.plist;
				LD_RUNPATH_SEARCH_PATHS = "$(inherited) @executable_path/Frameworks";
				PRODUCT_BUNDLE_IDENTIFIER = com.vp.instagram;
				PRODUCT_NAME = "$(TARGET_NAME)";
				SWIFT_VERSION = 3.0;
			};
			name = Debug;
		};
		843706141EE91E190028EC61 /* Release */ = {
			isa = XCBuildConfiguration;
			buildSettings = {
				ASSETCATALOG_COMPILER_APPICON_NAME = AppIcon;
				INFOPLIST_FILE = instagram/Info.plist;
				LD_RUNPATH_SEARCH_PATHS = "$(inherited) @executable_path/Frameworks";
				PRODUCT_BUNDLE_IDENTIFIER = com.vp.instagram;
				PRODUCT_NAME = "$(TARGET_NAME)";
				SWIFT_VERSION = 3.0;
			};
			name = Release;
		};
		843706161EE91E190028EC61 /* Debug */ = {
			isa = XCBuildConfiguration;
			buildSettings = {
				ALWAYS_EMBED_SWIFT_STANDARD_LIBRARIES = YES;
				BUNDLE_LOADER = "$(TEST_HOST)";
				INFOPLIST_FILE = instagramTests/Info.plist;
				LD_RUNPATH_SEARCH_PATHS = "$(inherited) @executable_path/Frameworks @loader_path/Frameworks";
				PRODUCT_BUNDLE_IDENTIFIER = com.vp.instagramTests;
				PRODUCT_NAME = "$(TARGET_NAME)";
				SWIFT_VERSION = 3.0;
				TEST_HOST = "$(BUILT_PRODUCTS_DIR)/instagram.app/instagram";
			};
			name = Debug;
		};
		843706171EE91E190028EC61 /* Release */ = {
			isa = XCBuildConfiguration;
			buildSettings = {
				ALWAYS_EMBED_SWIFT_STANDARD_LIBRARIES = YES;
				BUNDLE_LOADER = "$(TEST_HOST)";
				INFOPLIST_FILE = instagramTests/Info.plist;
				LD_RUNPATH_SEARCH_PATHS = "$(inherited) @executable_path/Frameworks @loader_path/Frameworks";
				PRODUCT_BUNDLE_IDENTIFIER = com.vp.instagramTests;
				PRODUCT_NAME = "$(TARGET_NAME)";
				SWIFT_VERSION = 3.0;
				TEST_HOST = "$(BUILT_PRODUCTS_DIR)/instagram.app/instagram";
			};
			name = Release;
		};
		843706191EE91E190028EC61 /* Debug */ = {
			isa = XCBuildConfiguration;
			buildSettings = {
				ALWAYS_EMBED_SWIFT_STANDARD_LIBRARIES = YES;
				INFOPLIST_FILE = instagramUITests/Info.plist;
				LD_RUNPATH_SEARCH_PATHS = "$(inherited) @executable_path/Frameworks @loader_path/Frameworks";
				PRODUCT_BUNDLE_IDENTIFIER = com.vp.instagramUITests;
				PRODUCT_NAME = "$(TARGET_NAME)";
				SWIFT_VERSION = 3.0;
				TEST_TARGET_NAME = instagram;
			};
			name = Debug;
		};
		8437061A1EE91E190028EC61 /* Release */ = {
			isa = XCBuildConfiguration;
			buildSettings = {
				ALWAYS_EMBED_SWIFT_STANDARD_LIBRARIES = YES;
				INFOPLIST_FILE = instagramUITests/Info.plist;
				LD_RUNPATH_SEARCH_PATHS = "$(inherited) @executable_path/Frameworks @loader_path/Frameworks";
				PRODUCT_BUNDLE_IDENTIFIER = com.vp.instagramUITests;
				PRODUCT_NAME = "$(TARGET_NAME)";
				SWIFT_VERSION = 3.0;
				TEST_TARGET_NAME = instagram;
			};
			name = Release;
		};
/* End XCBuildConfiguration section */

/* Begin XCConfigurationList section */
		843705E51EE91E180028EC61 /* Build configuration list for PBXProject "instagram" */ = {
			isa = XCConfigurationList;
			buildConfigurations = (
				843706101EE91E190028EC61 /* Debug */,
				843706111EE91E190028EC61 /* Release */,
			);
			defaultConfigurationIsVisible = 0;
			defaultConfigurationName = Release;
		};
		843706121EE91E190028EC61 /* Build configuration list for PBXNativeTarget "instagram" */ = {
			isa = XCConfigurationList;
			buildConfigurations = (
				843706131EE91E190028EC61 /* Debug */,
				843706141EE91E190028EC61 /* Release */,
			);
			defaultConfigurationIsVisible = 0;
		};
		843706151EE91E190028EC61 /* Build configuration list for PBXNativeTarget "instagramTests" */ = {
			isa = XCConfigurationList;
			buildConfigurations = (
				843706161EE91E190028EC61 /* Debug */,
				843706171EE91E190028EC61 /* Release */,
			);
			defaultConfigurationIsVisible = 0;
		};
		843706181EE91E190028EC61 /* Build configuration list for PBXNativeTarget "instagramUITests" */ = {
			isa = XCConfigurationList;
			buildConfigurations = (
				843706191EE91E190028EC61 /* Debug */,
				8437061A1EE91E190028EC61 /* Release */,
			);
			defaultConfigurationIsVisible = 0;
		};
/* End XCConfigurationList section */
	};
	rootObject = 843705E21EE91E180028EC61 /* Project object */;
}
